
Microsoft Visual Studio Solution File, Format Version 12.00
# Visual Studio Version 16
VisualStudioVersion = 16.0.29911.84
MinimumVisualStudioVersion = 10.0.40219.1
Project("{FAE04EC0-301F-11D3-BF4B-00C04F79EFBC}") = "Docker_Sample_Handson7", "Docker_Sample_Handson7.csproj", "{4DFD2B55-68C4-4A49-A435-0CDA7E01D802}"
EndProject
Global
	GlobalSection(SolutionConfigurationPlatforms) = preSolution
		Debug|Any CPU = Debug|Any CPU
		Release|Any CPU = Release|Any CPU
	EndGlobalSection
	GlobalSection(ProjectConfigurationPlatforms) = postSolution
		{4DFD2B55-68C4-4A49-A435-0CDA7E01D802}.Debug|Any CPU.ActiveCfg = Debug|Any CPU
		{4DFD2B55-68C4-4A49-A435-0CDA7E01D802}.Debug|Any CPU.Build.0 = Debug|Any CPU
		{4DFD2B55-68C4-4A49-A435-0CDA7E01D802}.Release|Any CPU.ActiveCfg = Release|Any CPU
		{4DFD2B55-68C4-4A49-A435-0CDA7E01D802}.Release|Any CPU.Build.0 = Release|Any CPU
	EndGlobalSection
	GlobalSection(SolutionProperties) = preSolution
		HideSolutionNode = FALSE
	EndGlobalSection
	GlobalSection(ExtensibilityGlobals) = postSolution
		SolutionGuid = {17062D06-0299-4F27-9F14-23E0977BE08D}
	EndGlobalSection
EndGlobal
